
Microsoft Visual Studio Solution File, Format Version 12.00
# Visual Studio Version 17
VisualStudioVersion = 17.3.32922.545
MinimumVisualStudioVersion = 10.0.40219.1
Project("{FAE04EC0-301F-11D3-BF4B-00C04F79EFBC}") = "BattleShipsProject", "BattleShipsProject\BattleShipsProject.csproj", "{211C7EA7-1CB0-4AA9-835E-95F01EA420C6}"
EndProject
Global
	GlobalSection(SolutionConfigurationPlatforms) = preSolution
		Debug|Any CPU = Debug|Any CPU
		Release|Any CPU = Release|Any CPU
	EndGlobalSection
	GlobalSection(ProjectConfigurationPlatforms) = postSolution
		{211C7EA7-1CB0-4AA9-835E-95F01EA420C6}.Debug|Any CPU.ActiveCfg = Debug|Any CPU
		{211C7EA7-1CB0-4AA9-835E-95F01EA420C6}.Debug|Any CPU.Build.0 = Debug|Any CPU
		{211C7EA7-1CB0-4AA9-835E-95F01EA420C6}.Release|Any CPU.ActiveCfg = Release|Any CPU
		{211C7EA7-1CB0-4AA9-835E-95F01EA420C6}.Release|Any CPU.Build.0 = Release|Any CPU
	EndGlobalSection
	GlobalSection(SolutionProperties) = preSolution
		HideSolutionNode = FALSE
	EndGlobalSection
	GlobalSection(ExtensibilityGlobals) = postSolution
		SolutionGuid = {BF5CBA0A-67B1-417C-B2B6-7E755C961D54}
	EndGlobalSection
EndGlobal
